
Microsoft Visual Studio Solution File, Format Version 12.00
# Visual Studio Version 16
VisualStudioVersion = 16.0.31613.86
MinimumVisualStudioVersion = 10.0.40219.1
Project("{9A19103F-16F7-4668-BE54-9A1E7A4F7556}") = "UserRegistration-Exceptions", "UserRegistration-Exceptions\UserRegistration-Exceptions.csproj", "{2CB07ABD-72B9-4AC9-A043-42067E4E47C3}"
EndProject
Project("{FAE04EC0-301F-11D3-BF4B-00C04F79EFBC}") = "UserRegistrationMSTest", "UserRegistrationMSTest\UserRegistrationMSTest.csproj", "{39BD6AB6-C3BC-4FEE-9FC8-8E94212AD036}"
EndProject
Global
	GlobalSection(SolutionConfigurationPlatforms) = preSolution
		Debug|Any CPU = Debug|Any CPU
		Release|Any CPU = Release|Any CPU
	EndGlobalSection
	GlobalSection(ProjectConfigurationPlatforms) = postSolution
		{2CB07ABD-72B9-4AC9-A043-42067E4E47C3}.Debug|Any CPU.ActiveCfg = Debug|Any CPU
		{2CB07ABD-72B9-4AC9-A043-42067E4E47C3}.Debug|Any CPU.Build.0 = Debug|Any CPU
		{2CB07ABD-72B9-4AC9-A043-42067E4E47C3}.Release|Any CPU.ActiveCfg = Release|Any CPU
		{2CB07ABD-72B9-4AC9-A043-42067E4E47C3}.Release|Any CPU.Build.0 = Release|Any CPU
		{39BD6AB6-C3BC-4FEE-9FC8-8E94212AD036}.Debug|Any CPU.ActiveCfg = Debug|Any CPU
		{39BD6AB6-C3BC-4FEE-9FC8-8E94212AD036}.Debug|Any CPU.Build.0 = Debug|Any CPU
		{39BD6AB6-C3BC-4FEE-9FC8-8E94212AD036}.Release|Any CPU.ActiveCfg = Release|Any CPU
		{39BD6AB6-C3BC-4FEE-9FC8-8E94212AD036}.Release|Any CPU.Build.0 = Release|Any CPU
	EndGlobalSection
	GlobalSection(SolutionProperties) = preSolution
		HideSolutionNode = FALSE
	EndGlobalSection
	GlobalSection(ExtensibilityGlobals) = postSolution
		SolutionGuid = {F609D6A9-D364-4DA3-985F-04E3D34119C6}
	EndGlobalSection
EndGlobal
